
Microsoft Visual Studio Solution File, Format Version 12.00
# Visual Studio Version 16
VisualStudioVersion = 16.0.810.25
MinimumVisualStudioVersion = 10.0.40219.1
Project("{FAE04EC0-301F-11D3-BF4B-00C04F79EFBC}") = "elearning", "elearning.csproj", "{4D7C095E-0C62-4C90-A771-CCF5D9167171}"
EndProject
Global
	GlobalSection(SolutionConfigurationPlatforms) = preSolution
		Debug|Any CPU = Debug|Any CPU
		Release|Any CPU = Release|Any CPU
	EndGlobalSection
	GlobalSection(ProjectConfigurationPlatforms) = postSolution
		{4D7C095E-0C62-4C90-A771-CCF5D9167171}.Debug|Any CPU.ActiveCfg = Debug|Any CPU
		{4D7C095E-0C62-4C90-A771-CCF5D9167171}.Debug|Any CPU.Build.0 = Debug|Any CPU
		{4D7C095E-0C62-4C90-A771-CCF5D9167171}.Release|Any CPU.ActiveCfg = Release|Any CPU
		{4D7C095E-0C62-4C90-A771-CCF5D9167171}.Release|Any CPU.Build.0 = Release|Any CPU
	EndGlobalSection
	GlobalSection(SolutionProperties) = preSolution
		HideSolutionNode = FALSE
	EndGlobalSection
	GlobalSection(ExtensibilityGlobals) = postSolution
		SolutionGuid = {F2996FB3-C6AA-42DE-9EB7-5AF64B0C67DE}
	EndGlobalSection
EndGlobal
